
Microsoft Visual Studio Solution File, Format Version 12.00
# Visual Studio Version 16
VisualStudioVersion = 16.0.30104.148
MinimumVisualStudioVersion = 10.0.40219.1
Project("{9A19103F-16F7-4668-BE54-9A1E7A4F7556}") = "SimpleCaptcha", "src\SimpleCaptcha\SimpleCaptcha.csproj", "{0C47EED7-554B-4C81-B3CF-2563422961DE}"
EndProject
Project("{FAE04EC0-301F-11D3-BF4B-00C04F79EFBC}") = "SimpleCaptcha.Demo", "src\SimpleCaptcha.Demo\SimpleCaptcha.Demo.csproj", "{2EB6B26E-2CB8-4902-9244-15FE5E31E5AA}"
EndProject
Global
	GlobalSection(SolutionConfigurationPlatforms) = preSolution
		Debug|Any CPU = Debug|Any CPU
		Release|Any CPU = Release|Any CPU
	EndGlobalSection
	GlobalSection(ProjectConfigurationPlatforms) = postSolution
		{0C47EED7-554B-4C81-B3CF-2563422961DE}.Debug|Any CPU.ActiveCfg = Debug|Any CPU
		{0C47EED7-554B-4C81-B3CF-2563422961DE}.Debug|Any CPU.Build.0 = Debug|Any CPU
		{0C47EED7-554B-4C81-B3CF-2563422961DE}.Release|Any CPU.ActiveCfg = Release|Any CPU
		{0C47EED7-554B-4C81-B3CF-2563422961DE}.Release|Any CPU.Build.0 = Release|Any CPU
		{2EB6B26E-2CB8-4902-9244-15FE5E31E5AA}.Debug|Any CPU.ActiveCfg = Debug|Any CPU
		{2EB6B26E-2CB8-4902-9244-15FE5E31E5AA}.Debug|Any CPU.Build.0 = Debug|Any CPU
		{2EB6B26E-2CB8-4902-9244-15FE5E31E5AA}.Release|Any CPU.ActiveCfg = Release|Any CPU
		{2EB6B26E-2CB8-4902-9244-15FE5E31E5AA}.Release|Any CPU.Build.0 = Release|Any CPU
	EndGlobalSection
	GlobalSection(SolutionProperties) = preSolution
		HideSolutionNode = FALSE
	EndGlobalSection
	GlobalSection(ExtensibilityGlobals) = postSolution
		SolutionGuid = {13EA184C-95AF-4F0A-BD78-07ACE2CDC015}
	EndGlobalSection
EndGlobal
